
Microsoft Visual Studio Solution File, Format Version 12.00
# Visual Studio Version 17
VisualStudioVersion = 17.14.36221.1 d17.14
MinimumVisualStudioVersion = 10.0.40219.1
Project("{FAE04EC0-301F-11D3-BF4B-00C04F79EFBC}") = "Ivory", "Ivory\Ivory.csproj", "{49A74871-53AC-40C0-95CB-EA283D790091}"
EndProject
Global
	GlobalSection(SolutionConfigurationPlatforms) = preSolution
		Debug|Any CPU = Debug|Any CPU
		Release|Any CPU = Release|Any CPU
	EndGlobalSection
	GlobalSection(ProjectConfigurationPlatforms) = postSolution
		{49A74871-53AC-40C0-95CB-EA283D790091}.Debug|Any CPU.ActiveCfg = Debug|Any CPU
		{49A74871-53AC-40C0-95CB-EA283D790091}.Debug|Any CPU.Build.0 = Debug|Any CPU
		{49A74871-53AC-40C0-95CB-EA283D790091}.Release|Any CPU.ActiveCfg = Release|Any CPU
		{49A74871-53AC-40C0-95CB-EA283D790091}.Release|Any CPU.Build.0 = Release|Any CPU
	EndGlobalSection
	GlobalSection(SolutionProperties) = preSolution
		HideSolutionNode = FALSE
	EndGlobalSection
	GlobalSection(ExtensibilityGlobals) = postSolution
		SolutionGuid = {75C1339C-1D87-4339-B9BC-336B728949C6}
	EndGlobalSection
EndGlobal
